// !$*UTF8*$!
{
	archiveVersion = 1;
	classes = {
	};
	objectVersion = 50;
	objects = {

/* Begin PBXBuildFile section */
		287E667F94B7A899763DFB07 /* Pods_breakpoint.framework in Frameworks */ = {isa = PBXBuildFile; fileRef = 7827874ACFA7467869251240 /* Pods_breakpoint.framework */; };
		E7AE2D2520A68299002709BA /* AppDelegate.swift in Sources */ = {isa = PBXBuildFile; fileRef = E7AE2D2420A68299002709BA /* AppDelegate.swift */; };
		E7AE2D2720A68299002709BA /* FeedVC.swift in Sources */ = {isa = PBXBuildFile; fileRef = E7AE2D2620A68299002709BA /* FeedVC.swift */; };
		E7AE2D2920A68299002709BA /* GroupsVC.swift in Sources */ = {isa = PBXBuildFile; fileRef = E7AE2D2820A68299002709BA /* GroupsVC.swift */; };
		E7AE2D2C20A68299002709BA /* Main.storyboard in Resources */ = {isa = PBXBuildFile; fileRef = E7AE2D2A20A68299002709BA /* Main.storyboard */; };
		E7AE2D2E20A6829B002709BA /* Assets.xcassets in Resources */ = {isa = PBXBuildFile; fileRef = E7AE2D2D20A6829B002709BA /* Assets.xcassets */; };
		E7AE2D3120A6829B002709BA /* LaunchScreen.storyboard in Resources */ = {isa = PBXBuildFile; fileRef = E7AE2D2F20A6829B002709BA /* LaunchScreen.storyboard */; };
		E7AE2D3E20A69934002709BA /* GoogleService-Info.plist in Resources */ = {isa = PBXBuildFile; fileRef = E7AE2D3D20A69934002709BA /* GoogleService-Info.plist */; };
		E7AE2D4020A69EAB002709BA /* DataService.swift in Sources */ = {isa = PBXBuildFile; fileRef = E7AE2D3F20A69EAB002709BA /* DataService.swift */; };
		E7AE2D4220A76360002709BA /* AuthVC.swift in Sources */ = {isa = PBXBuildFile; fileRef = E7AE2D4120A76360002709BA /* AuthVC.swift */; };
		E7AE2D4420A763A8002709BA /* LoginVC.swift in Sources */ = {isa = PBXBuildFile; fileRef = E7AE2D4320A763A8002709BA /* LoginVC.swift */; };
		E7AE2D4620A76405002709BA /* InsetTextField.swift in Sources */ = {isa = PBXBuildFile; fileRef = E7AE2D4520A76405002709BA /* InsetTextField.swift */; };
		E7AE2D4820A767F4002709BA /* ShadowView.swift in Sources */ = {isa = PBXBuildFile; fileRef = E7AE2D4720A767F4002709BA /* ShadowView.swift */; };
		E7AE2D4A20A76A24002709BA /* AuthService.swift in Sources */ = {isa = PBXBuildFile; fileRef = E7AE2D4920A76A24002709BA /* AuthService.swift */; };
		E7E124D520A7C68F00C17B8B /* MeVC.swift in Sources */ = {isa = PBXBuildFile; fileRef = E7E124D420A7C68F00C17B8B /* MeVC.swift */; };
		E7E124D720A7F37400C17B8B /* CreatePostVC.swift in Sources */ = {isa = PBXBuildFile; fileRef = E7E124D620A7F37400C17B8B /* CreatePostVC.swift */; };
		E7E124D920A7FC8000C17B8B /* UIViewExt.swift in Sources */ = {isa = PBXBuildFile; fileRef = E7E124D820A7FC8000C17B8B /* UIViewExt.swift */; };
		E7E124DB20A80C4700C17B8B /* FeedCell.swift in Sources */ = {isa = PBXBuildFile; fileRef = E7E124DA20A80C4700C17B8B /* FeedCell.swift */; };
		E7E124DD20A81D5000C17B8B /* Message.swift in Sources */ = {isa = PBXBuildFile; fileRef = E7E124DC20A81D5000C17B8B /* Message.swift */; };
		E7E124DF20A9061D00C17B8B /* CreateGroupsVC.swift in Sources */ = {isa = PBXBuildFile; fileRef = E7E124DE20A9061D00C17B8B /* CreateGroupsVC.swift */; };
		E7E124E120A90B9800C17B8B /* UserCell.swift in Sources */ = {isa = PBXBuildFile; fileRef = E7E124E020A90B9800C17B8B /* UserCell.swift */; };
		E7E124E320A9455500C17B8B /* GroupCell.swift in Sources */ = {isa = PBXBuildFile; fileRef = E7E124E220A9455500C17B8B /* GroupCell.swift */; };
		E7E124E520A94A2000C17B8B /* Group.swift in Sources */ = {isa = PBXBuildFile; fileRef = E7E124E420A94A2000C17B8B /* Group.swift */; };
/* End PBXBuildFile section */

/* Begin PBXFileReference section */
		7827874ACFA7467869251240 /* Pods_breakpoint.framework */ = {isa = PBXFileReference; explicitFileType = wrapper.framework; includeInIndex = 0; path = Pods_breakpoint.framework; sourceTree = BUILT_PRODUCTS_DIR; };
		B8DC3847B2138A27ECB6DC05 /* Pods-breakpoint.debug.xcconfig */ = {isa = PBXFileReference; includeInIndex = 1; lastKnownFileType = text.xcconfig; name = "Pods-breakpoint.debug.xcconfig"; path = "Pods/Target Support Files/Pods-breakpoint/Pods-breakpoint.debug.xcconfig"; sourceTree = "<group>"; };
		BF49B1E5CF486D70E40AB838 /* Pods-breakpoint.release.xcconfig */ = {isa = PBXFileReference; includeInIndex = 1; lastKnownFileType = text.xcconfig; name = "Pods-breakpoint.release.xcconfig"; path = "Pods/Target Support Files/Pods-breakpoint/Pods-breakpoint.release.xcconfig"; sourceTree = "<group>"; };
		E7AE2D2120A68299002709BA /* breakpoint.app */ = {isa = PBXFileReference; explicitFileType = wrapper.application; includeInIndex = 0; path = breakpoint.app; sourceTree = BUILT_PRODUCTS_DIR; };
		E7AE2D2420A68299002709BA /* AppDelegate.swift */ = {isa = PBXFileReference; lastKnownFileType = sourcecode.swift; path = AppDelegate.swift; sourceTree = "<group>"; };
		E7AE2D2620A68299002709BA /* FeedVC.swift */ = {isa = PBXFileReference; lastKnownFileType = sourcecode.swift; path = FeedVC.swift; sourceTree = "<group>"; };
		E7AE2D2820A68299002709BA /* GroupsVC.swift */ = {isa = PBXFileReference; lastKnownFileType = sourcecode.swift; path = GroupsVC.swift; sourceTree = "<group>"; };
		E7AE2D2B20A68299002709BA /* Base */ = {isa = PBXFileReference; lastKnownFileType = file.storyboard; name = Base; path = Base.lproj/Main.storyboard; sourceTree = "<group>"; };
		E7AE2D2D20A6829B002709BA /* Assets.xcassets */ = {isa = PBXFileReference; lastKnownFileType = folder.assetcatalog; path = Assets.xcassets; sourceTree = "<group>"; };
		E7AE2D3020A6829B002709BA /* Base */ = {isa = PBXFileReference; lastKnownFileType = file.storyboard; name = Base; path = Base.lproj/LaunchScreen.storyboard; sourceTree = "<group>"; };
		E7AE2D3220A6829B002709BA /* Info.plist */ = {isa = PBXFileReference; lastKnownFileType = text.plist.xml; path = Info.plist; sourceTree = "<group>"; };
		E7AE2D3D20A69934002709BA /* GoogleService-Info.plist */ = {isa = PBXFileReference; fileEncoding = 4; lastKnownFileType = text.plist.xml; path = "GoogleService-Info.plist"; sourceTree = "<group>"; };
		E7AE2D3F20A69EAB002709BA /* DataService.swift */ = {isa = PBXFileReference; lastKnownFileType = sourcecode.swift; path = DataService.swift; sourceTree = "<group>"; };
		E7AE2D4120A76360002709BA /* AuthVC.swift */ = {isa = PBXFileReference; lastKnownFileType = sourcecode.swift; path = AuthVC.swift; sourceTree = "<group>"; };
		E7AE2D4320A763A8002709BA /* LoginVC.swift */ = {isa = PBXFileReference; lastKnownFileType = sourcecode.swift; path = LoginVC.swift; sourceTree = "<group>"; };
		E7AE2D4520A76405002709BA /* InsetTextField.swift */ = {isa = PBXFileReference; lastKnownFileType = sourcecode.swift; path = InsetTextField.swift; sourceTree = "<group>"; };
		E7AE2D4720A767F4002709BA /* ShadowView.swift */ = {isa = PBXFileReference; lastKnownFileType = sourcecode.swift; path = ShadowView.swift; sourceTree = "<group>"; };
		E7AE2D4920A76A24002709BA /* AuthService.swift */ = {isa = PBXFileReference; lastKnownFileType = sourcecode.swift; path = AuthService.swift; sourceTree = "<group>"; };
		E7E124D420A7C68F00C17B8B /* MeVC.swift */ = {isa = PBXFileReference; lastKnownFileType = sourcecode.swift; path = MeVC.swift; sourceTree = "<group>"; };
		E7E124D620A7F37400C17B8B /* CreatePostVC.swift */ = {isa = PBXFileReference; lastKnownFileType = sourcecode.swift; path = CreatePostVC.swift; sourceTree = "<group>"; };
		E7E124D820A7FC8000C17B8B /* UIViewExt.swift */ = {isa = PBXFileReference; lastKnownFileType = sourcecode.swift; path = UIViewExt.swift; sourceTree = "<group>"; };
		E7E124DA20A80C4700C17B8B /* FeedCell.swift */ = {isa = PBXFileReference; lastKnownFileType = sourcecode.swift; path = FeedCell.swift; sourceTree = "<group>"; };
		E7E124DC20A81D5000C17B8B /* Message.swift */ = {isa = PBXFileReference; lastKnownFileType = sourcecode.swift; path = Message.swift; sourceTree = "<group>"; };
		E7E124DE20A9061D00C17B8B /* CreateGroupsVC.swift */ = {isa = PBXFileReference; lastKnownFileType = sourcecode.swift; path = CreateGroupsVC.swift; sourceTree = "<group>"; };
		E7E124E020A90B9800C17B8B /* UserCell.swift */ = {isa = PBXFileReference; lastKnownFileType = sourcecode.swift; path = UserCell.swift; sourceTree = "<group>"; };
		E7E124E220A9455500C17B8B /* GroupCell.swift */ = {isa = PBXFileReference; lastKnownFileType = sourcecode.swift; path = GroupCell.swift; sourceTree = "<group>"; };
		E7E124E420A94A2000C17B8B /* Group.swift */ = {isa = PBXFileReference; lastKnownFileType = sourcecode.swift; path = Group.swift; sourceTree = "<group>"; };
/* End PBXFileReference section */

/* Begin PBXFrameworksBuildPhase section */
		E7AE2D1E20A68299002709BA /* Frameworks */ = {
			isa = PBXFrameworksBuildPhase;
			buildActionMask = 2147483647;
			files = (
				287E667F94B7A899763DFB07 /* Pods_breakpoint.framework in Frameworks */,
			);
			runOnlyForDeploymentPostprocessing = 0;
		};
/* End PBXFrameworksBuildPhase section */

/* Begin PBXGroup section */
		347BD9F6DD63D390AE494E42 /* Frameworks */ = {
			isa = PBXGroup;
			children = (
				7827874ACFA7467869251240 /* Pods_breakpoint.framework */,
			);
			name = Frameworks;
			sourceTree = "<group>";
		};
		92030A3B29630C4CD17622FD /* Pods */ = {
			isa = PBXGroup;
			children = (
				B8DC3847B2138A27ECB6DC05 /* Pods-breakpoint.debug.xcconfig */,
				BF49B1E5CF486D70E40AB838 /* Pods-breakpoint.release.xcconfig */,
			);
			name = Pods;
			sourceTree = "<group>";
		};
		E7AE2D1820A68299002709BA = {
			isa = PBXGroup;
			children = (
				E7AE2D2320A68299002709BA /* breakpoint */,
				E7AE2D2220A68299002709BA /* Products */,
				92030A3B29630C4CD17622FD /* Pods */,
				347BD9F6DD63D390AE494E42 /* Frameworks */,
			);
			sourceTree = "<group>";
		};
		E7AE2D2220A68299002709BA /* Products */ = {
			isa = PBXGroup;
			children = (
				E7AE2D2120A68299002709BA /* breakpoint.app */,
			);
			name = Products;
			sourceTree = "<group>";
		};
		E7AE2D2320A68299002709BA /* breakpoint */ = {
			isa = PBXGroup;
			children = (
				E7AE2D3C20A68413002709BA /* Services */,
				E7AE2D3B20A683D7002709BA /* Extensions */,
				E7AE2D3A20A683C9002709BA /* Model */,
				E7AE2D3920A683BB002709BA /* View */,
				E7AE2D3820A683A9002709BA /* Controller */,
				E7AE2D2420A68299002709BA /* AppDelegate.swift */,
				E7AE2D2A20A68299002709BA /* Main.storyboard */,
				E7AE2D2D20A6829B002709BA /* Assets.xcassets */,
				E7AE2D2F20A6829B002709BA /* LaunchScreen.storyboard */,
				E7AE2D3220A6829B002709BA /* Info.plist */,
				E7AE2D3D20A69934002709BA /* GoogleService-Info.plist */,
			);
			path = breakpoint;
			sourceTree = "<group>";
		};
		E7AE2D3820A683A9002709BA /* Controller */ = {
			isa = PBXGroup;
			children = (
				E7AE2D2620A68299002709BA /* FeedVC.swift */,
				E7AE2D2820A68299002709BA /* GroupsVC.swift */,
				E7AE2D4120A76360002709BA /* AuthVC.swift */,
				E7AE2D4320A763A8002709BA /* LoginVC.swift */,
				E7E124D420A7C68F00C17B8B /* MeVC.swift */,
				E7E124D620A7F37400C17B8B /* CreatePostVC.swift */,
				E7E124DE20A9061D00C17B8B /* CreateGroupsVC.swift */,
			);
			path = Controller;
			sourceTree = "<group>";
		};
		E7AE2D3920A683BB002709BA /* View */ = {
			isa = PBXGroup;
			children = (
				E7AE2D4520A76405002709BA /* InsetTextField.swift */,
				E7AE2D4720A767F4002709BA /* ShadowView.swift */,
				E7E124DA20A80C4700C17B8B /* FeedCell.swift */,
				E7E124E020A90B9800C17B8B /* UserCell.swift */,
				E7E124E220A9455500C17B8B /* GroupCell.swift */,
			);
			path = View;
			sourceTree = "<group>";
		};
		E7AE2D3A20A683C9002709BA /* Model */ = {
			isa = PBXGroup;
			children = (
				E7E124DC20A81D5000C17B8B /* Message.swift */,
				E7E124E420A94A2000C17B8B /* Group.swift */,
			);
			path = Model;
			sourceTree = "<group>";
		};
		E7AE2D3B20A683D7002709BA /* Extensions */ = {
			isa = PBXGroup;
			children = (
				E7E124D820A7FC8000C17B8B /* UIViewExt.swift */,
			);
			path = Extensions;
			sourceTree = "<group>";
		};
		E7AE2D3C20A68413002709BA /* Services */ = {
			isa = PBXGroup;
			children = (
				E7AE2D3F20A69EAB002709BA /* DataService.swift */,
				E7AE2D4920A76A24002709BA /* AuthService.swift */,
			);
			path = Services;
			sourceTree = "<group>";
		};
/* End PBXGroup section */

/* Begin PBXNativeTarget section */
		E7AE2D2020A68299002709BA /* breakpoint */ = {
			isa = PBXNativeTarget;
			buildConfigurationList = E7AE2D3520A6829B002709BA /* Build configuration list for PBXNativeTarget "breakpoint" */;
			buildPhases = (
				01CC050B67F9A4CD4F2D3105 /* [CP] Check Pods Manifest.lock */,
				E7AE2D1D20A68299002709BA /* Sources */,
				E7AE2D1E20A68299002709BA /* Frameworks */,
				E7AE2D1F20A68299002709BA /* Resources */,
				F2C8B31CC95821666DA8BCBB /* [CP] Embed Pods Frameworks */,
			);
			buildRules = (
			);
			dependencies = (
			);
			name = breakpoint;
			productName = breakpoint;
			productReference = E7AE2D2120A68299002709BA /* breakpoint.app */;
			productType = "com.apple.product-type.application";
		};
/* End PBXNativeTarget section */

/* Begin PBXProject section */
		E7AE2D1920A68299002709BA /* Project object */ = {
			isa = PBXProject;
			attributes = {
				LastSwiftUpdateCheck = 0930;
				LastUpgradeCheck = 0930;
				ORGANIZATIONNAME = "Koki Tabayashi";
				TargetAttributes = {
					E7AE2D2020A68299002709BA = {
						CreatedOnToolsVersion = 9.3;
					};
				};
			};
			buildConfigurationList = E7AE2D1C20A68299002709BA /* Build configuration list for PBXProject "breakpoint" */;
			compatibilityVersion = "Xcode 9.3";
			developmentRegion = en;
			hasScannedForEncodings = 0;
			knownRegions = (
				en,
				Base,
			);
			mainGroup = E7AE2D1820A68299002709BA;
			productRefGroup = E7AE2D2220A68299002709BA /* Products */;
			projectDirPath = "";
			projectRoot = "";
			targets = (
				E7AE2D2020A68299002709BA /* breakpoint */,
			);
		};
/* End PBXProject section */

/* Begin PBXResourcesBuildPhase section */
		E7AE2D1F20A68299002709BA /* Resources */ = {
			isa = PBXResourcesBuildPhase;
			buildActionMask = 2147483647;
			files = (
				E7AE2D3120A6829B002709BA /* LaunchScreen.storyboard in Resources */,
				E7AE2D3E20A69934002709BA /* GoogleService-Info.plist in Resources */,
				E7AE2D2E20A6829B002709BA /* Assets.xcassets in Resources */,
				E7AE2D2C20A68299002709BA /* Main.storyboard in Resources */,
			);
			runOnlyForDeploymentPostprocessing = 0;
		};
/* End PBXResourcesBuildPhase section */

/* Begin PBXShellScriptBuildPhase section */
		01CC050B67F9A4CD4F2D3105 /* [CP] Check Pods Manifest.lock */ = {
			isa = PBXShellScriptBuildPhase;
			buildActionMask = 2147483647;
			files = (
			);
			inputPaths = (
				"${PODS_PODFILE_DIR_PATH}/Podfile.lock",
				"${PODS_ROOT}/Manifest.lock",
			);
			name = "[CP] Check Pods Manifest.lock";
			outputPaths = (
				"$(DERIVED_FILE_DIR)/Pods-breakpoint-checkManifestLockResult.txt",
			);
			runOnlyForDeploymentPostprocessing = 0;
			shellPath = /bin/sh;
			shellScript = "diff \"${PODS_PODFILE_DIR_PATH}/Podfile.lock\" \"${PODS_ROOT}/Manifest.lock\" > /dev/null\nif [ $? != 0 ] ; then\n    # print error to STDERR\n    echo \"error: The sandbox is not in sync with the Podfile.lock. Run 'pod install' or update your CocoaPods installation.\" >&2\n    exit 1\nfi\n# This output is used by Xcode 'outputs' to avoid re-running this script phase.\necho \"SUCCESS\" > \"${SCRIPT_OUTPUT_FILE_0}\"\n";
			showEnvVarsInLog = 0;
		};
		F2C8B31CC95821666DA8BCBB /* [CP] Embed Pods Frameworks */ = {
			isa = PBXShellScriptBuildPhase;
			buildActionMask = 2147483647;
			files = (
			);
			inputPaths = (
				"${SRCROOT}/Pods/Target Support Files/Pods-breakpoint/Pods-breakpoint-frameworks.sh",
				"${BUILT_PRODUCTS_DIR}/GTMSessionFetcher/GTMSessionFetcher.framework",
				"${BUILT_PRODUCTS_DIR}/GoogleToolboxForMac/GoogleToolboxForMac.framework",
				"${BUILT_PRODUCTS_DIR}/leveldb-library/leveldb.framework",
				"${BUILT_PRODUCTS_DIR}/nanopb/nanopb.framework",
			);
			name = "[CP] Embed Pods Frameworks";
			outputPaths = (
				"${TARGET_BUILD_DIR}/${FRAMEWORKS_FOLDER_PATH}/GTMSessionFetcher.framework",
				"${TARGET_BUILD_DIR}/${FRAMEWORKS_FOLDER_PATH}/GoogleToolboxForMac.framework",
				"${TARGET_BUILD_DIR}/${FRAMEWORKS_FOLDER_PATH}/leveldb.framework",
				"${TARGET_BUILD_DIR}/${FRAMEWORKS_FOLDER_PATH}/nanopb.framework",
			);
			runOnlyForDeploymentPostprocessing = 0;
			shellPath = /bin/sh;
			shellScript = "\"${SRCROOT}/Pods/Target Support Files/Pods-breakpoint/Pods-breakpoint-frameworks.sh\"\n";
			showEnvVarsInLog = 0;
		};
/* End PBXShellScriptBuildPhase section */

/* Begin PBXSourcesBuildPhase section */
		E7AE2D1D20A68299002709BA /* Sources */ = {
			isa = PBXSourcesBuildPhase;
			buildActionMask = 2147483647;
			files = (
				E7E124D920A7FC8000C17B8B /* UIViewExt.swift in Sources */,
				E7E124DB20A80C4700C17B8B /* FeedCell.swift in Sources */,
				E7E124D520A7C68F00C17B8B /* MeVC.swift in Sources */,
				E7E124E320A9455500C17B8B /* GroupCell.swift in Sources */,
				E7AE2D4220A76360002709BA /* AuthVC.swift in Sources */,
				E7AE2D2920A68299002709BA /* GroupsVC.swift in Sources */,
				E7AE2D4420A763A8002709BA /* LoginVC.swift in Sources */,
				E7AE2D4A20A76A24002709BA /* AuthService.swift in Sources */,
				E7E124DF20A9061D00C17B8B /* CreateGroupsVC.swift in Sources */,
				E7E124E520A94A2000C17B8B /* Group.swift in Sources */,
				E7E124E120A90B9800C17B8B /* UserCell.swift in Sources */,
				E7AE2D2520A68299002709BA /* AppDelegate.swift in Sources */,
				E7AE2D4820A767F4002709BA /* ShadowView.swift in Sources */,
				E7E124D720A7F37400C17B8B /* CreatePostVC.swift in Sources */,
				E7AE2D2720A68299002709BA /* FeedVC.swift in Sources */,
				E7AE2D4620A76405002709BA /* InsetTextField.swift in Sources */,
				E7AE2D4020A69EAB002709BA /* DataService.swift in Sources */,
				E7E124DD20A81D5000C17B8B /* Message.swift in Sources */,
			);
			runOnlyForDeploymentPostprocessing = 0;
		};
/* End PBXSourcesBuildPhase section */

/* Begin PBXVariantGroup section */
		E7AE2D2A20A68299002709BA /* Main.storyboard */ = {
			isa = PBXVariantGroup;
			children = (
				E7AE2D2B20A68299002709BA /* Base */,
			);
			name = Main.storyboard;
			sourceTree = "<group>";
		};
		E7AE2D2F20A6829B002709BA /* LaunchScreen.storyboard */ = {
			isa = PBXVariantGroup;
			children = (
				E7AE2D3020A6829B002709BA /* Base */,
			);
			name = LaunchScreen.storyboard;
			sourceTree = "<group>";
		};
/* End PBXVariantGroup section */

/* Begin XCBuildConfiguration section */
		E7AE2D3320A6829B002709BA /* Debug */ = {
			isa = XCBuildConfiguration;
			buildSettings = {
				ALWAYS_SEARCH_USER_PATHS = NO;
				CLANG_ANALYZER_NONNULL = YES;
				CLANG_ANALYZER_NUMBER_OBJECT_CONVERSION = YES_AGGRESSIVE;
				CLANG_CXX_LANGUAGE_STANDARD = "gnu++14";
				CLANG_CXX_LIBRARY = "libc++";
				CLANG_ENABLE_MODULES = YES;
				CLANG_ENABLE_OBJC_ARC = YES;
				CLANG_ENABLE_OBJC_WEAK = YES;
				CLANG_WARN_BLOCK_CAPTURE_AUTORELEASING = YES;
				CLANG_WARN_BOOL_CONVERSION = YES;
				CLANG_WARN_COMMA = YES;
				CLANG_WARN_CONSTANT_CONVERSION = YES;
				CLANG_WARN_DEPRECATED_OBJC_IMPLEMENTATIONS = YES;
				CLANG_WARN_DIRECT_OBJC_ISA_USAGE = YES_ERROR;
				CLANG_WARN_DOCUMENTATION_COMMENTS = YES;
				CLANG_WARN_EMPTY_BODY = YES;
				CLANG_WARN_ENUM_CONVERSION = YES;
				CLANG_WARN_INFINITE_RECURSION = YES;
				CLANG_WARN_INT_CONVERSION = YES;
				CLANG_WARN_NON_LITERAL_NULL_CONVERSION = YES;
				CLANG_WARN_OBJC_IMPLICIT_RETAIN_SELF = YES;
				CLANG_WARN_OBJC_LITERAL_CONVERSION = YES;
				CLANG_WARN_OBJC_ROOT_CLASS = YES_ERROR;
				CLANG_WARN_RANGE_LOOP_ANALYSIS = YES;
				CLANG_WARN_STRICT_PROTOTYPES = YES;
				CLANG_WARN_SUSPICIOUS_MOVE = YES;
				CLANG_WARN_UNGUARDED_AVAILABILITY = YES_AGGRESSIVE;
				CLANG_WARN_UNREACHABLE_CODE = YES;
				CLANG_WARN__DUPLICATE_METHOD_MATCH = YES;
				CODE_SIGN_IDENTITY = "iPhone Developer";
				COPY_PHASE_STRIP = NO;
				DEBUG_INFORMATION_FORMAT = dwarf;
				ENABLE_STRICT_OBJC_MSGSEND = YES;
				ENABLE_TESTABILITY = YES;
				GCC_C_LANGUAGE_STANDARD = gnu11;
				GCC_DYNAMIC_NO_PIC = NO;
				GCC_NO_COMMON_BLOCKS = YES;
				GCC_OPTIMIZATION_LEVEL = 0;
				GCC_PREPROCESSOR_DEFINITIONS = (
					"DEBUG=1",
					"$(inherited)",
				);
				GCC_WARN_64_TO_32_BIT_CONVERSION = YES;
				GCC_WARN_ABOUT_RETURN_TYPE = YES_ERROR;
				GCC_WARN_UNDECLARED_SELECTOR = YES;
				GCC_WARN_UNINITIALIZED_AUTOS = YES_AGGRESSIVE;
				GCC_WARN_UNUSED_FUNCTION = YES;
				GCC_WARN_UNUSED_VARIABLE = YES;
				IPHONEOS_DEPLOYMENT_TARGET = 11.3;
				MTL_ENABLE_DEBUG_INFO = YES;
				ONLY_ACTIVE_ARCH = YES;
				SDKROOT = iphoneos;
				SWIFT_ACTIVE_COMPILATION_CONDITIONS = DEBUG;
				SWIFT_OPTIMIZATION_LEVEL = "-Onone";
			};
			name = Debug;
		};
		E7AE2D3420A6829B002709BA /* Release */ = {
			isa = XCBuildConfiguration;
			buildSettings = {
				ALWAYS_SEARCH_USER_PATHS = NO;
				CLANG_ANALYZER_NONNULL = YES;
				CLANG_ANALYZER_NUMBER_OBJECT_CONVERSION = YES_AGGRESSIVE;
				CLANG_CXX_LANGUAGE_STANDARD = "gnu++14";
				CLANG_CXX_LIBRARY = "libc++";
				CLANG_ENABLE_MODULES = YES;
				CLANG_ENABLE_OBJC_ARC = YES;
				CLANG_ENABLE_OBJC_WEAK = YES;
				CLANG_WARN_BLOCK_CAPTURE_AUTORELEASING = YES;
				CLANG_WARN_BOOL_CONVERSION = YES;
				CLANG_WARN_COMMA = YES;
				CLANG_WARN_CONSTANT_CONVERSION = YES;
				CLANG_WARN_DEPRECATED_OBJC_IMPLEMENTATIONS = YES;
				CLANG_WARN_DIRECT_OBJC_ISA_USAGE = YES_ERROR;
				CLANG_WARN_DOCUMENTATION_COMMENTS = YES;
				CLANG_WARN_EMPTY_BODY = YES;
				CLANG_WARN_ENUM_CONVERSION = YES;
				CLANG_WARN_INFINITE_RECURSION = YES;
				CLANG_WARN_INT_CONVERSION = YES;
				CLANG_WARN_NON_LITERAL_NULL_CONVERSION = YES;
				CLANG_WARN_OBJC_IMPLICIT_RETAIN_SELF = YES;
				CLANG_WARN_OBJC_LITERAL_CONVERSION = YES;
				CLANG_WARN_OBJC_ROOT_CLASS = YES_ERROR;
				CLANG_WARN_RANGE_LOOP_ANALYSIS = YES;
				CLANG_WARN_STRICT_PROTOTYPES = YES;
				CLANG_WARN_SUSPICIOUS_MOVE = YES;
				CLANG_WARN_UNGUARDED_AVAILABILITY = YES_AGGRESSIVE;
				CLANG_WARN_UNREACHABLE_CODE = YES;
				CLANG_WARN__DUPLICATE_METHOD_MATCH = YES;
				CODE_SIGN_IDENTITY = "iPhone Developer";
				COPY_PHASE_STRIP = NO;
				DEBUG_INFORMATION_FORMAT = "dwarf-with-dsym";
				ENABLE_NS_ASSERTIONS = NO;
				ENABLE_STRICT_OBJC_MSGSEND = YES;
				GCC_C_LANGUAGE_STANDARD = gnu11;
				GCC_NO_COMMON_BLOCKS = YES;
				GCC_WARN_64_TO_32_BIT_CONVERSION = YES;
				GCC_WARN_ABOUT_RETURN_TYPE = YES_ERROR;
				GCC_WARN_UNDECLARED_SELECTOR = YES;
				GCC_WARN_UNINITIALIZED_AUTOS = YES_AGGRESSIVE;
				GCC_WARN_UNUSED_FUNCTION = YES;
				GCC_WARN_UNUSED_VARIABLE = YES;
				IPHONEOS_DEPLOYMENT_TARGET = 11.3;
				MTL_ENABLE_DEBUG_INFO = NO;
				SDKROOT = iphoneos;
				SWIFT_COMPILATION_MODE = wholemodule;
				SWIFT_OPTIMIZATION_LEVEL = "-O";
				VALIDATE_PRODUCT = YES;
			};
			name = Release;
		};
		E7AE2D3620A6829B002709BA /* Debug */ = {
			isa = XCBuildConfiguration;
			baseConfigurationReference = B8DC3847B2138A27ECB6DC05 /* Pods-breakpoint.debug.xcconfig */;
			buildSettings = {
				ASSETCATALOG_COMPILER_APPICON_NAME = AppIcon;
				CODE_SIGN_STYLE = Automatic;
				DEVELOPMENT_TEAM = 47SQKMHA2B;
				INFOPLIST_FILE = breakpoint/Info.plist;
				LD_RUNPATH_SEARCH_PATHS = (
					"$(inherited)",
					"@executable_path/Frameworks",
				);
				PRODUCT_BUNDLE_IDENTIFIER = com.gmail.kokitabayashi.breakpoint;
				PRODUCT_NAME = "$(TARGET_NAME)";
				SWIFT_VERSION = 4.0;
				TARGETED_DEVICE_FAMILY = "1,2";
			};
			name = Debug;
		};
		E7AE2D3720A6829B002709BA /* Release */ = {
			isa = XCBuildConfiguration;
			baseConfigurationReference = BF49B1E5CF486D70E40AB838 /* Pods-breakpoint.release.xcconfig */;
			buildSettings = {
				ASSETCATALOG_COMPILER_APPICON_NAME = AppIcon;
				CODE_SIGN_STYLE = Automatic;
				DEVELOPMENT_TEAM = 47SQKMHA2B;
				INFOPLIST_FILE = breakpoint/Info.plist;
				LD_RUNPATH_SEARCH_PATHS = (
					"$(inherited)",
					"@executable_path/Frameworks",
				);
				PRODUCT_BUNDLE_IDENTIFIER = com.gmail.kokitabayashi.breakpoint;
				PRODUCT_NAME = "$(TARGET_NAME)";
				SWIFT_VERSION = 4.0;
				TARGETED_DEVICE_FAMILY = "1,2";
			};
			name = Release;
		};
/* End XCBuildConfiguration section */

/* Begin XCConfigurationList section */
		E7AE2D1C20A68299002709BA /* Build configuration list for PBXProject "breakpoint" */ = {
			isa = XCConfigurationList;
			buildConfigurations = (
				E7AE2D3320A6829B002709BA /* Debug */,
				E7AE2D3420A6829B002709BA /* Release */,
			);
			defaultConfigurationIsVisible = 0;
			defaultConfigurationName = Release;
		};
		E7AE2D3520A6829B002709BA /* Build configuration list for PBXNativeTarget "breakpoint" */ = {
			isa = XCConfigurationList;
			buildConfigurations = (
				E7AE2D3620A6829B002709BA /* Debug */,
				E7AE2D3720A6829B002709BA /* Release */,
			);
			defaultConfigurationIsVisible = 0;
			defaultConfigurationName = Release;
		};
/* End XCConfigurationList section */
	};
	rootObject = E7AE2D1920A68299002709BA /* Project object */;
}
