// !$*UTF8*$!
{
	archiveVersion = 1;
	classes = {
	};
	objectVersion = 50;
	objects = {

/* Begin PBXBuildFile section */
		E7AE2D2520A68299002709BA /* AppDelegate.swift in Sources */ = {isa = PBXBuildFile; fileRef = E7AE2D2420A68299002709BA /* AppDelegate.swift */; };
		E7AE2D2720A68299002709BA /* FirstViewController.swift in Sources */ = {isa = PBXBuildFile; fileRef = E7AE2D2620A68299002709BA /* FirstViewController.swift */; };
		E7AE2D2920A68299002709BA /* SecondViewController.swift in Sources */ = {isa = PBXBuildFile; fileRef = E7AE2D2820A68299002709BA /* SecondViewController.swift */; };
		E7AE2D2C20A68299002709BA /* Main.storyboard in Resources */ = {isa = PBXBuildFile; fileRef = E7AE2D2A20A68299002709BA /* Main.storyboard */; };
		E7AE2D2E20A6829B002709BA /* Assets.xcassets in Resources */ = {isa = PBXBuildFile; fileRef = E7AE2D2D20A6829B002709BA /* Assets.xcassets */; };
		E7AE2D3120A6829B002709BA /* LaunchScreen.storyboard in Resources */ = {isa = PBXBuildFile; fileRef = E7AE2D2F20A6829B002709BA /* LaunchScreen.storyboard */; };
/* End PBXBuildFile section */

/* Begin PBXFileReference section */
		E7AE2D2120A68299002709BA /* breakpoint.app */ = {isa = PBXFileReference; explicitFileType = wrapper.application; includeInIndex = 0; path = breakpoint.app; sourceTree = BUILT_PRODUCTS_DIR; };
		E7AE2D2420A68299002709BA /* AppDelegate.swift */ = {isa = PBXFileReference; lastKnownFileType = sourcecode.swift; path = AppDelegate.swift; sourceTree = "<group>"; };
		E7AE2D2620A68299002709BA /* FirstViewController.swift */ = {isa = PBXFileReference; lastKnownFileType = sourcecode.swift; path = FirstViewController.swift; sourceTree = "<group>"; };
		E7AE2D2820A68299002709BA /* SecondViewController.swift */ = {isa = PBXFileReference; lastKnownFileType = sourcecode.swift; path = SecondViewController.swift; sourceTree = "<group>"; };
		E7AE2D2B20A68299002709BA /* Base */ = {isa = PBXFileReference; lastKnownFileType = file.storyboard; name = Base; path = Base.lproj/Main.storyboard; sourceTree = "<group>"; };
		E7AE2D2D20A6829B002709BA /* Assets.xcassets */ = {isa = PBXFileReference; lastKnownFileType = folder.assetcatalog; path = Assets.xcassets; sourceTree = "<group>"; };
		E7AE2D3020A6829B002709BA /* Base */ = {isa = PBXFileReference; lastKnownFileType = file.storyboard; name = Base; path = Base.lproj/LaunchScreen.storyboard; sourceTree = "<group>"; };
		E7AE2D3220A6829B002709BA /* Info.plist */ = {isa = PBXFileReference; lastKnownFileType = text.plist.xml; path = Info.plist; sourceTree = "<group>"; };
/* End PBXFileReference section */

/* Begin PBXFrameworksBuildPhase section */
		E7AE2D1E20A68299002709BA /* Frameworks */ = {
			isa = PBXFrameworksBuildPhase;
			buildActionMask = 2147483647;
			files = (
			);
			runOnlyForDeploymentPostprocessing = 0;
		};
/* End PBXFrameworksBuildPhase section */

/* Begin PBXGroup section */
		E7AE2D1820A68299002709BA = {
			isa = PBXGroup;
			children = (
				E7AE2D2320A68299002709BA /* breakpoint */,
				E7AE2D2220A68299002709BA /* Products */,
			);
			sourceTree = "<group>";
		};
		E7AE2D2220A68299002709BA /* Products */ = {
			isa = PBXGroup;
			children = (
				E7AE2D2120A68299002709BA /* breakpoint.app */,
			);
			name = Products;
			sourceTree = "<group>";
		};
		E7AE2D2320A68299002709BA /* breakpoint */ = {
			isa = PBXGroup;
			children = (
				E7AE2D3C20A68413002709BA /* Services */,
				E7AE2D3B20A683D7002709BA /* Extensions */,
				E7AE2D3A20A683C9002709BA /* Model */,
				E7AE2D3920A683BB002709BA /* View */,
				E7AE2D3820A683A9002709BA /* Controller */,
				E7AE2D2420A68299002709BA /* AppDelegate.swift */,
				E7AE2D2A20A68299002709BA /* Main.storyboard */,
				E7AE2D2D20A6829B002709BA /* Assets.xcassets */,
				E7AE2D2F20A6829B002709BA /* LaunchScreen.storyboard */,
				E7AE2D3220A6829B002709BA /* Info.plist */,
			);
			path = breakpoint;
			sourceTree = "<group>";
		};
		E7AE2D3820A683A9002709BA /* Controller */ = {
			isa = PBXGroup;
			children = (
				E7AE2D2620A68299002709BA /* FirstViewController.swift */,
				E7AE2D2820A68299002709BA /* SecondViewController.swift */,
			);
			path = Controller;
			sourceTree = "<group>";
		};
		E7AE2D3920A683BB002709BA /* View */ = {
			isa = PBXGroup;
			children = (
			);
			path = View;
			sourceTree = "<group>";
		};
		E7AE2D3A20A683C9002709BA /* Model */ = {
			isa = PBXGroup;
			children = (
			);
			path = Model;
			sourceTree = "<group>";
		};
		E7AE2D3B20A683D7002709BA /* Extensions */ = {
			isa = PBXGroup;
			children = (
			);
			path = Extensions;
			sourceTree = "<group>";
		};
		E7AE2D3C20A68413002709BA /* Services */ = {
			isa = PBXGroup;
			children = (
			);
			path = Services;
			sourceTree = "<group>";
		};
/* End PBXGroup section */

/* Begin PBXNativeTarget section */
		E7AE2D2020A68299002709BA /* breakpoint */ = {
			isa = PBXNativeTarget;
			buildConfigurationList = E7AE2D3520A6829B002709BA /* Build configuration list for PBXNativeTarget "breakpoint" */;
			buildPhases = (
				E7AE2D1D20A68299002709BA /* Sources */,
				E7AE2D1E20A68299002709BA /* Frameworks */,
				E7AE2D1F20A68299002709BA /* Resources */,
			);
			buildRules = (
			);
			dependencies = (
			);
			name = breakpoint;
			productName = breakpoint;
			productReference = E7AE2D2120A68299002709BA /* breakpoint.app */;
			productType = "com.apple.product-type.application";
		};
/* End PBXNativeTarget section */

/* Begin PBXProject section */
		E7AE2D1920A68299002709BA /* Project object */ = {
			isa = PBXProject;
			attributes = {
				LastSwiftUpdateCheck = 0930;
				LastUpgradeCheck = 0930;
				ORGANIZATIONNAME = "Koki Tabayashi";
				TargetAttributes = {
					E7AE2D2020A68299002709BA = {
						CreatedOnToolsVersion = 9.3;
					};
				};
			};
			buildConfigurationList = E7AE2D1C20A68299002709BA /* Build configuration list for PBXProject "breakpoint" */;
			compatibilityVersion = "Xcode 9.3";
			developmentRegion = en;
			hasScannedForEncodings = 0;
			knownRegions = (
				en,
				Base,
			);
			mainGroup = E7AE2D1820A68299002709BA;
			productRefGroup = E7AE2D2220A68299002709BA /* Products */;
			projectDirPath = "";
			projectRoot = "";
			targets = (
				E7AE2D2020A68299002709BA /* breakpoint */,
			);
		};
/* End PBXProject section */

/* Begin PBXResourcesBuildPhase section */
		E7AE2D1F20A68299002709BA /* Resources */ = {
			isa = PBXResourcesBuildPhase;
			buildActionMask = 2147483647;
			files = (
				E7AE2D3120A6829B002709BA /* LaunchScreen.storyboard in Resources */,
				E7AE2D2E20A6829B002709BA /* Assets.xcassets in Resources */,
				E7AE2D2C20A68299002709BA /* Main.storyboard in Resources */,
			);
			runOnlyForDeploymentPostprocessing = 0;
		};
/* End PBXResourcesBuildPhase section */

/* Begin PBXSourcesBuildPhase section */
		E7AE2D1D20A68299002709BA /* Sources */ = {
			isa = PBXSourcesBuildPhase;
			buildActionMask = 2147483647;
			files = (
				E7AE2D2920A68299002709BA /* SecondViewController.swift in Sources */,
				E7AE2D2520A68299002709BA /* AppDelegate.swift in Sources */,
				E7AE2D2720A68299002709BA /* FirstViewController.swift in Sources */,
			);
			runOnlyForDeploymentPostprocessing = 0;
		};
/* End PBXSourcesBuildPhase section */

/* Begin PBXVariantGroup section */
		E7AE2D2A20A68299002709BA /* Main.storyboard */ = {
			isa = PBXVariantGroup;
			children = (
				E7AE2D2B20A68299002709BA /* Base */,
			);
			name = Main.storyboard;
			sourceTree = "<group>";
		};
		E7AE2D2F20A6829B002709BA /* LaunchScreen.storyboard */ = {
			isa = PBXVariantGroup;
			children = (
				E7AE2D3020A6829B002709BA /* Base */,
			);
			name = LaunchScreen.storyboard;
			sourceTree = "<group>";
		};
/* End PBXVariantGroup section */

/* Begin XCBuildConfiguration section */
		E7AE2D3320A6829B002709BA /* Debug */ = {
			isa = XCBuildConfiguration;
			buildSettings = {
				ALWAYS_SEARCH_USER_PATHS = NO;
				CLANG_ANALYZER_NONNULL = YES;
				CLANG_ANALYZER_NUMBER_OBJECT_CONVERSION = YES_AGGRESSIVE;
				CLANG_CXX_LANGUAGE_STANDARD = "gnu++14";
				CLANG_CXX_LIBRARY = "libc++";
				CLANG_ENABLE_MODULES = YES;
				CLANG_ENABLE_OBJC_ARC = YES;
				CLANG_ENABLE_OBJC_WEAK = YES;
				CLANG_WARN_BLOCK_CAPTURE_AUTORELEASING = YES;
				CLANG_WARN_BOOL_CONVERSION = YES;
				CLANG_WARN_COMMA = YES;
				CLANG_WARN_CONSTANT_CONVERSION = YES;
				CLANG_WARN_DEPRECATED_OBJC_IMPLEMENTATIONS = YES;
				CLANG_WARN_DIRECT_OBJC_ISA_USAGE = YES_ERROR;
				CLANG_WARN_DOCUMENTATION_COMMENTS = YES;
				CLANG_WARN_EMPTY_BODY = YES;
				CLANG_WARN_ENUM_CONVERSION = YES;
				CLANG_WARN_INFINITE_RECURSION = YES;
				CLANG_WARN_INT_CONVERSION = YES;
				CLANG_WARN_NON_LITERAL_NULL_CONVERSION = YES;
				CLANG_WARN_OBJC_IMPLICIT_RETAIN_SELF = YES;
				CLANG_WARN_OBJC_LITERAL_CONVERSION = YES;
				CLANG_WARN_OBJC_ROOT_CLASS = YES_ERROR;
				CLANG_WARN_RANGE_LOOP_ANALYSIS = YES;
				CLANG_WARN_STRICT_PROTOTYPES = YES;
				CLANG_WARN_SUSPICIOUS_MOVE = YES;
				CLANG_WARN_UNGUARDED_AVAILABILITY = YES_AGGRESSIVE;
				CLANG_WARN_UNREACHABLE_CODE = YES;
				CLANG_WARN__DUPLICATE_METHOD_MATCH = YES;
				CODE_SIGN_IDENTITY = "iPhone Developer";
				COPY_PHASE_STRIP = NO;
				DEBUG_INFORMATION_FORMAT = dwarf;
				ENABLE_STRICT_OBJC_MSGSEND = YES;
				ENABLE_TESTABILITY = YES;
				GCC_C_LANGUAGE_STANDARD = gnu11;
				GCC_DYNAMIC_NO_PIC = NO;
				GCC_NO_COMMON_BLOCKS = YES;
				GCC_OPTIMIZATION_LEVEL = 0;
				GCC_PREPROCESSOR_DEFINITIONS = (
					"DEBUG=1",
					"$(inherited)",
				);
				GCC_WARN_64_TO_32_BIT_CONVERSION = YES;
				GCC_WARN_ABOUT_RETURN_TYPE = YES_ERROR;
				GCC_WARN_UNDECLARED_SELECTOR = YES;
				GCC_WARN_UNINITIALIZED_AUTOS = YES_AGGRESSIVE;
				GCC_WARN_UNUSED_FUNCTION = YES;
				GCC_WARN_UNUSED_VARIABLE = YES;
				IPHONEOS_DEPLOYMENT_TARGET = 11.3;
				MTL_ENABLE_DEBUG_INFO = YES;
				ONLY_ACTIVE_ARCH = YES;
				SDKROOT = iphoneos;
				SWIFT_ACTIVE_COMPILATION_CONDITIONS = DEBUG;
				SWIFT_OPTIMIZATION_LEVEL = "-Onone";
			};
			name = Debug;
		};
		E7AE2D3420A6829B002709BA /* Release */ = {
			isa = XCBuildConfiguration;
			buildSettings = {
				ALWAYS_SEARCH_USER_PATHS = NO;
				CLANG_ANALYZER_NONNULL = YES;
				CLANG_ANALYZER_NUMBER_OBJECT_CONVERSION = YES_AGGRESSIVE;
				CLANG_CXX_LANGUAGE_STANDARD = "gnu++14";
				CLANG_CXX_LIBRARY = "libc++";
				CLANG_ENABLE_MODULES = YES;
				CLANG_ENABLE_OBJC_ARC = YES;
				CLANG_ENABLE_OBJC_WEAK = YES;
				CLANG_WARN_BLOCK_CAPTURE_AUTORELEASING = YES;
				CLANG_WARN_BOOL_CONVERSION = YES;
				CLANG_WARN_COMMA = YES;
				CLANG_WARN_CONSTANT_CONVERSION = YES;
				CLANG_WARN_DEPRECATED_OBJC_IMPLEMENTATIONS = YES;
				CLANG_WARN_DIRECT_OBJC_ISA_USAGE = YES_ERROR;
				CLANG_WARN_DOCUMENTATION_COMMENTS = YES;
				CLANG_WARN_EMPTY_BODY = YES;
				CLANG_WARN_ENUM_CONVERSION = YES;
				CLANG_WARN_INFINITE_RECURSION = YES;
				CLANG_WARN_INT_CONVERSION = YES;
				CLANG_WARN_NON_LITERAL_NULL_CONVERSION = YES;
				CLANG_WARN_OBJC_IMPLICIT_RETAIN_SELF = YES;
				CLANG_WARN_OBJC_LITERAL_CONVERSION = YES;
				CLANG_WARN_OBJC_ROOT_CLASS = YES_ERROR;
				CLANG_WARN_RANGE_LOOP_ANALYSIS = YES;
				CLANG_WARN_STRICT_PROTOTYPES = YES;
				CLANG_WARN_SUSPICIOUS_MOVE = YES;
				CLANG_WARN_UNGUARDED_AVAILABILITY = YES_AGGRESSIVE;
				CLANG_WARN_UNREACHABLE_CODE = YES;
				CLANG_WARN__DUPLICATE_METHOD_MATCH = YES;
				CODE_SIGN_IDENTITY = "iPhone Developer";
				COPY_PHASE_STRIP = NO;
				DEBUG_INFORMATION_FORMAT = "dwarf-with-dsym";
				ENABLE_NS_ASSERTIONS = NO;
				ENABLE_STRICT_OBJC_MSGSEND = YES;
				GCC_C_LANGUAGE_STANDARD = gnu11;
				GCC_NO_COMMON_BLOCKS = YES;
				GCC_WARN_64_TO_32_BIT_CONVERSION = YES;
				GCC_WARN_ABOUT_RETURN_TYPE = YES_ERROR;
				GCC_WARN_UNDECLARED_SELECTOR = YES;
				GCC_WARN_UNINITIALIZED_AUTOS = YES_AGGRESSIVE;
				GCC_WARN_UNUSED_FUNCTION = YES;
				GCC_WARN_UNUSED_VARIABLE = YES;
				IPHONEOS_DEPLOYMENT_TARGET = 11.3;
				MTL_ENABLE_DEBUG_INFO = NO;
				SDKROOT = iphoneos;
				SWIFT_COMPILATION_MODE = wholemodule;
				SWIFT_OPTIMIZATION_LEVEL = "-O";
				VALIDATE_PRODUCT = YES;
			};
			name = Release;
		};
		E7AE2D3620A6829B002709BA /* Debug */ = {
			isa = XCBuildConfiguration;
			buildSettings = {
				ASSETCATALOG_COMPILER_APPICON_NAME = AppIcon;
				CODE_SIGN_STYLE = Automatic;
				DEVELOPMENT_TEAM = 47SQKMHA2B;
				INFOPLIST_FILE = breakpoint/Info.plist;
				LD_RUNPATH_SEARCH_PATHS = (
					"$(inherited)",
					"@executable_path/Frameworks",
				);
				PRODUCT_BUNDLE_IDENTIFIER = com.gmail.kokitabayashi.breakpoint;
				PRODUCT_NAME = "$(TARGET_NAME)";
				SWIFT_VERSION = 4.0;
				TARGETED_DEVICE_FAMILY = "1,2";
			};
			name = Debug;
		};
		E7AE2D3720A6829B002709BA /* Release */ = {
			isa = XCBuildConfiguration;
			buildSettings = {
				ASSETCATALOG_COMPILER_APPICON_NAME = AppIcon;
				CODE_SIGN_STYLE = Automatic;
				DEVELOPMENT_TEAM = 47SQKMHA2B;
				INFOPLIST_FILE = breakpoint/Info.plist;
				LD_RUNPATH_SEARCH_PATHS = (
					"$(inherited)",
					"@executable_path/Frameworks",
				);
				PRODUCT_BUNDLE_IDENTIFIER = com.gmail.kokitabayashi.breakpoint;
				PRODUCT_NAME = "$(TARGET_NAME)";
				SWIFT_VERSION = 4.0;
				TARGETED_DEVICE_FAMILY = "1,2";
			};
			name = Release;
		};
/* End XCBuildConfiguration section */

/* Begin XCConfigurationList section */
		E7AE2D1C20A68299002709BA /* Build configuration list for PBXProject "breakpoint" */ = {
			isa = XCConfigurationList;
			buildConfigurations = (
				E7AE2D3320A6829B002709BA /* Debug */,
				E7AE2D3420A6829B002709BA /* Release */,
			);
			defaultConfigurationIsVisible = 0;
			defaultConfigurationName = Release;
		};
		E7AE2D3520A6829B002709BA /* Build configuration list for PBXNativeTarget "breakpoint" */ = {
			isa = XCConfigurationList;
			buildConfigurations = (
				E7AE2D3620A6829B002709BA /* Debug */,
				E7AE2D3720A6829B002709BA /* Release */,
			);
			defaultConfigurationIsVisible = 0;
			defaultConfigurationName = Release;
		};
/* End XCConfigurationList section */
	};
	rootObject = E7AE2D1920A68299002709BA /* Project object */;
}
